
Microsoft Visual Studio Solution File, Format Version 12.00
# Visual Studio Version 17
VisualStudioVersion = 17.5.33530.505
MinimumVisualStudioVersion = 10.0.40219.1
Project("{FAE04EC0-301F-11D3-BF4B-00C04F79EFBC}") = "Frolov-OOP-2-2", "Frolov-OOP-2-2\Frolov-OOP-2-2.csproj", "{78CA8D18-9E25-4B78-9BB3-F1504AE7329C}"
EndProject
Global
	GlobalSection(SolutionConfigurationPlatforms) = preSolution
		Debug|Any CPU = Debug|Any CPU
		Release|Any CPU = Release|Any CPU
	EndGlobalSection
	GlobalSection(ProjectConfigurationPlatforms) = postSolution
		{78CA8D18-9E25-4B78-9BB3-F1504AE7329C}.Debug|Any CPU.ActiveCfg = Debug|Any CPU
		{78CA8D18-9E25-4B78-9BB3-F1504AE7329C}.Debug|Any CPU.Build.0 = Debug|Any CPU
		{78CA8D18-9E25-4B78-9BB3-F1504AE7329C}.Release|Any CPU.ActiveCfg = Release|Any CPU
		{78CA8D18-9E25-4B78-9BB3-F1504AE7329C}.Release|Any CPU.Build.0 = Release|Any CPU
	EndGlobalSection
	GlobalSection(SolutionProperties) = preSolution
		HideSolutionNode = FALSE
	EndGlobalSection
	GlobalSection(ExtensibilityGlobals) = postSolution
		SolutionGuid = {B67E1CF9-CCF8-4F73-9D1D-E2E6848E093C}
	EndGlobalSection
EndGlobal
